
Microsoft Visual Studio Solution File, Format Version 12.00
# Visual Studio Version 17
VisualStudioVersion = 17.14.36109.1 d17.14
MinimumVisualStudioVersion = 10.0.40219.1
Project("{FAE04EC0-301F-11D3-BF4B-00C04F79EFBC}") = "backend", "backend\backend.csproj", "{B74AFFA3-342F-44ED-8133-0076774434AA}"
EndProject
Global
	GlobalSection(SolutionConfigurationPlatforms) = preSolution
		Debug|Any CPU = Debug|Any CPU
		Release|Any CPU = Release|Any CPU
	EndGlobalSection
	GlobalSection(ProjectConfigurationPlatforms) = postSolution
		{B74AFFA3-342F-44ED-8133-0076774434AA}.Debug|Any CPU.ActiveCfg = Debug|Any CPU
		{B74AFFA3-342F-44ED-8133-0076774434AA}.Debug|Any CPU.Build.0 = Debug|Any CPU
		{B74AFFA3-342F-44ED-8133-0076774434AA}.Release|Any CPU.ActiveCfg = Release|Any CPU
		{B74AFFA3-342F-44ED-8133-0076774434AA}.Release|Any CPU.Build.0 = Release|Any CPU
	EndGlobalSection
	GlobalSection(SolutionProperties) = preSolution
		HideSolutionNode = FALSE
	EndGlobalSection
	GlobalSection(ExtensibilityGlobals) = postSolution
		SolutionGuid = {268DA64E-16B2-4720-9480-03B46D9C9141}
	EndGlobalSection
EndGlobal
